
Microsoft Visual Studio Solution File, Format Version 12.00
# Visual Studio 15
VisualStudioVersion = 15.0.28307.539
MinimumVisualStudioVersion = 10.0.40219.1
Project("{FAE04EC0-301F-11D3-BF4B-00C04F79EFBC}") = "13-Sacrament Planning", "13-Sacrament Planning\13-Sacrament Planning.csproj", "{C2FF33A3-299F-4B30-AB99-373435FAF3EE}"
EndProject
Global
	GlobalSection(SolutionConfigurationPlatforms) = preSolution
		Debug|Any CPU = Debug|Any CPU
		Release|Any CPU = Release|Any CPU
	EndGlobalSection
	GlobalSection(ProjectConfigurationPlatforms) = postSolution
		{C2FF33A3-299F-4B30-AB99-373435FAF3EE}.Debug|Any CPU.ActiveCfg = Debug|Any CPU
		{C2FF33A3-299F-4B30-AB99-373435FAF3EE}.Debug|Any CPU.Build.0 = Debug|Any CPU
		{C2FF33A3-299F-4B30-AB99-373435FAF3EE}.Release|Any CPU.ActiveCfg = Release|Any CPU
		{C2FF33A3-299F-4B30-AB99-373435FAF3EE}.Release|Any CPU.Build.0 = Release|Any CPU
	EndGlobalSection
	GlobalSection(SolutionProperties) = preSolution
		HideSolutionNode = FALSE
	EndGlobalSection
	GlobalSection(ExtensibilityGlobals) = postSolution
		SolutionGuid = {C5D7D32C-55FD-4ADF-8A79-61D3109C2DC4}
	EndGlobalSection
EndGlobal
